
Microsoft Visual Studio Solution File, Format Version 12.00
# Visual Studio Version 16
VisualStudioVersion = 16.0.30717.126
MinimumVisualStudioVersion = 10.0.40219.1
Project("{FAE04EC0-301F-11D3-BF4B-00C04F79EFBC}") = "DataLibrary", "DataLibrary\DataLibrary.csproj", "{BB43DB37-6B16-4417-861C-00C65F6EA189}"
EndProject
Project("{FAE04EC0-301F-11D3-BF4B-00C04F79EFBC}") = "WinFormsUI", "WinFormsUI\WinFormsUI.csproj", "{A91E009E-FB4E-4901-8FFC-D20425D899BF}"
EndProject
Global
	GlobalSection(SolutionConfigurationPlatforms) = preSolution
		Debug|Any CPU = Debug|Any CPU
		Release|Any CPU = Release|Any CPU
	EndGlobalSection
	GlobalSection(ProjectConfigurationPlatforms) = postSolution
		{BB43DB37-6B16-4417-861C-00C65F6EA189}.Debug|Any CPU.ActiveCfg = Debug|Any CPU
		{BB43DB37-6B16-4417-861C-00C65F6EA189}.Debug|Any CPU.Build.0 = Debug|Any CPU
		{BB43DB37-6B16-4417-861C-00C65F6EA189}.Release|Any CPU.ActiveCfg = Release|Any CPU
		{BB43DB37-6B16-4417-861C-00C65F6EA189}.Release|Any CPU.Build.0 = Release|Any CPU
		{A91E009E-FB4E-4901-8FFC-D20425D899BF}.Debug|Any CPU.ActiveCfg = Debug|Any CPU
		{A91E009E-FB4E-4901-8FFC-D20425D899BF}.Debug|Any CPU.Build.0 = Debug|Any CPU
		{A91E009E-FB4E-4901-8FFC-D20425D899BF}.Release|Any CPU.ActiveCfg = Release|Any CPU
		{A91E009E-FB4E-4901-8FFC-D20425D899BF}.Release|Any CPU.Build.0 = Release|Any CPU
	EndGlobalSection
	GlobalSection(SolutionProperties) = preSolution
		HideSolutionNode = FALSE
	EndGlobalSection
	GlobalSection(ExtensibilityGlobals) = postSolution
		SolutionGuid = {00BAEA95-83A7-49F6-83FC-B12FA7D6688C}
	EndGlobalSection
EndGlobal
